github.com/aws/aws-sdk-go v1.38.28 h1:2ZzgEupSluR18ClxUnHwXKyuADheZpMblXRAsHqF0tI=
github.com/aws/aws-sdk-go v1.38.28/go.mod h1:hcU610XS61/+aQV88ixoOzUoG7v3b31pl2zKMmprdro=
github.com/aws/aws-sdk-go v1.38.55 h1:1Wv5CE1Zy0hJ6MJUQ1ekFiCsNKBK5W69+towYQ1P4Vs=
github.com/aws/aws-sdk-go v1.38.55/go.mod h1:hcU610XS61/+aQV88ixoOzUoG7v3b31pl2zKMmprdro=
github.com/davecgh/go-spew v1.1.0 h1:ZDRjVQ15GmhC3fiQ8ni8+OwkZQO4DARzQgrnXU1Liz8=
github.com/davecgh/go-spew v1.1.0/go.mod h1:J7Y8YcW2NihsgmVo/mv3lAwl/skON4iLHjSsI+c5H38=
github.com/eclipse/paho.mqtt.golang v1.3.3 h1:Fh1zsLniMFJByLqKrSB9ZRjkbpU0k1Xne23ZqEE/O08=
github.com/eclipse/paho.mqtt.golang v1.3.3/go.mod h1:eTzb4gxwwyWpqBUHGQZ4ABAV7+Jgm1PklsYT/eo8Hcc=
github.com/eclipse/paho.mqtt.golang v1.3.4 h1:/sS2PA+PgomTO1bfJSDJncox+U7X5Boa3AfhEywYdgI=
github.com/eclipse/paho.mqtt.golang v1.3.4/go.mod h1:eTzb4gxwwyWpqBUHGQZ4ABAV7+Jgm1PklsYT/eo8Hcc=
github.com/gorilla/websocket v1.4.2 h1:+/TMaTYc4QFitKJxsQ7Yye35DkWvkdLcvGKqM+x0Ufc=
github.com/gorilla/websocket v1.4.2/go.mod h1:YR8l580nyteQvAITg2hZ9XVh4b55+EU/adAjf1fMHhE=
github.com/jmespath/go-jmespath v0.4.0 h1:BEgLn5cpjn8UN1mAw4NjwDrS35OdebyEtFe+9YPoQUg=
github.com/jmespath/go-jmespath v0.4.0/go.mod h1:T8mJZnbsbmF+m6zOOFylbeCJqk5+pHWvzYPziyZiYoo=
github.com/jmespath/go-jmespath/internal/testify v1.5.1 h1:shLQSRRSCCPj3f2gpwzGwWFoC7ycTf1rcQZHOlsJ6N8=
github.com/jmespath/go-jmespath/internal/testify v1.5.1/go.mod h1:L3OGu8Wl2/fWfCI6z80xFu9LTZmf1ZRjMHUOPmWr69U=
github.com/pkg/errors v0.9.1/go.mod h1:bwawxfHBFNV+L2hUp1rHADufV3IMtnDRdf1r5NINEl0=
github.com/pmezard/go-difflib v1.0.0 h1:4DBwDE0NGyQoBHbLQYPwSUPoCMWR5BEzIk/f1lZbAQM=
github.com/pmezard/go-difflib v1.0.0/go.mod h1:iKH77koFhYxTK1pcRnkKkqfTogsbg7gZNVY4sRDYZ/4=
github.com/stretchr/objx v0.1.0/go.mod h1:HFkY916IF+rwdDfMAkV7OtwuqBVzrE8GR6GFx+wExME=
github.com/uhppoted/uhppote-core v0.6.13-0.20210604162622-00706b956401 h1:tAcewkEzqU6/ODIZvQZJRkoEIarrjRnndWj91pgXuc0=
github.com/uhppoted/uhppote-core v0.6.13-0.20210604162622-00706b956401/go.mod h1:trhONXGxYU0V5kOzBShTedYcRY98p9uV99JBZ7F1M0k=
github.com/uhppoted/uhppote-core v0.6.13-0.20210607182513-a4d1cb4f0f7f h1:8FgyCCMjVHv41XT55Kxs1QD2mzorUxWQEi9OOSOWAgs=
github.com/uhppoted/uhppote-core v0.6.13-0.20210607182513-a4d1cb4f0f7f/go.mod h1:trhONXGxYU0V5kOzBShTedYcRY98p9uV99JBZ7F1M0k=
github.com/uhppoted/uhppote-core v0.6.13-0.20210608173129-01558a7d3430 h1:YvuNZtwz/dEvS0n8mph8FXV5ow1h8T8Cwpbd7GrkCAg=
github.com/uhppoted/uhppote-core v0.6.13-0.20210608173129-01558a7d3430/go.mod h1:trhONXGxYU0V5kOzBShTedYcRY98p9uV99JBZ7F1M0k=
github.com/uhppoted/uhppote-core v0.7.0 h1:6x7GBZzbSv0D43UuCG1I8jvGPW+YmiWHr1G+VG8huHk=
github.com/uhppoted/uhppote-core v0.7.0/go.mod h1:trhONXGxYU0V5kOzBShTedYcRY98p9uV99JBZ7F1M0k=
github.com/uhppoted/uhppote-core v0.7.1-0.20210622173347-e3d69060241f/go.mod h1:trhONXGxYU0V5kOzBShTedYcRY98p9uV99JBZ7F1M0k=
github.com/uhppoted/uhppote-core v0.7.1-0.20210622191425-5cda8b1b391b h1:JW+Z96tHGOgjcyYRsMUMXvRxxG38ySR47XkIPB5hm2A=
github.com/uhppoted/uhppote-core v0.7.1-0.20210622191425-5cda8b1b391b/go.mod h1:trhONXGxYU0V5kOzBShTedYcRY98p9uV99JBZ7F1M0k=
github.com/uhppoted/uhppote-core v0.7.1-0.20210623161242-f4224d2856e6 h1:m+v8QQjbMsQt2m7XHa4lwW/UOLcAyAEmc+xei/RbyyI=
github.com/uhppoted/uhppote-core v0.7.1-0.20210623161242-f4224d2856e6/go.mod h1:trhONXGxYU0V5kOzBShTedYcRY98p9uV99JBZ7F1M0k=
github.com/uhppoted/uhppote-core v0.7.1-0.20210623163807-64e2602cd191 h1:GTaj1gUTvTHPiFW6R4XOHyXH310nQj/mX5SkGbga0RE=
github.com/uhppoted/uhppote-core v0.7.1-0.20210623163807-64e2602cd191/go.mod h1:trhONXGxYU0V5kOzBShTedYcRY98p9uV99JBZ7F1M0k=
github.com/uhppoted/uhppote-core v0.7.1 h1:r4e79MBB12Vt32lxax1QQDpuieaOjW6jOITxD4fwfe8=
github.com/uhppoted/uhppote-core v0.7.1/go.mod h1:trhONXGxYU0V5kOzBShTedYcRY98p9uV99JBZ7F1M0k=
github.com/uhppoted/uhppote-core v0.7.2-0.20210706164808-a12294669320 h1:H4eE05MdEkqInsplEcuutjhkRaE4cqH0gq28xc4PHqg=
github.com/uhppoted/uhppote-core v0.7.2-0.20210706164808-a12294669320/go.mod h1:trhONXGxYU0V5kOzBShTedYcRY98p9uV99JBZ7F1M0k=
github.com/uhppoted/uhppote-core v0.7.2-0.20210811170233-d186259f6717 h1:0yFGnoUECKuyvh4TO8VKBANZkyqWCfBqyBkOrRskWF4=
github.com/uhppoted/uhppote-core v0.7.2-0.20210811170233-d186259f6717/go.mod h1:trhONXGxYU0V5kOzBShTedYcRY98p9uV99JBZ7F1M0k=
github.com/uhppoted/uhppote-core v0.7.2-0.20211215203102-362824451fb5 h1:wrnIpsH7xgvsBoagR2hZrfpKuIkbq5Fh1OUyW/2S2jo=
github.com/uhppoted/uhppote-core v0.7.2-0.20211215203102-362824451fb5/go.mod h1:trhONXGxYU0V5kOzBShTedYcRY98p9uV99JBZ7F1M0k=
github.com/uhppoted/uhppoted-api v0.6.13-0.20210604185635-f199791d91e6 h1:Mx3dYthRsQh3GHVU9c2UEg0kZCouIxP6xFe2C2vgxb4=
github.com/uhppoted/uhppoted-api v0.6.13-0.20210604185635-f199791d91e6/go.mod h1:zCF6aRCO9S/qOMDPO8ASCdvCMYGHPlxOigkYMTmoQcs=
github.com/uhppoted/uhppoted-api v0.6.13-0.20210604191426-94d17e744d62 h1:lUpRjsh3NPRDnOElDA6Y4QXwfpfxcrBz+W0sRLCuJk8=
github.com/uhppoted/uhppoted-api v0.6.13-0.20210604191426-94d17e744d62/go.mod h1:zCF6aRCO9S/qOMDPO8ASCdvCMYGHPlxOigkYMTmoQcs=
github.com/uhppoted/uhppoted-api v0.6.13-0.20210604192501-a6c20123e564 h1:Fix0pWCiLAYOl6bFfrEvPWUBNRi9mAYevWIDhe9+pFw=
github.com/uhppoted/uhppoted-api v0.6.13-0.20210604192501-a6c20123e564/go.mod h1:zCF6aRCO9S/qOMDPO8ASCdvCMYGHPlxOigkYMTmoQcs=
github.com/uhppoted/uhppoted-api v0.6.13-0.20210607190257-f754dd905380 h1:5r0ogMQggxYm2kl2QY9CtfPgESvgNcbxl5g9o+HwMXY=
github.com/uhppoted/uhppoted-api v0.6.13-0.20210607190257-f754dd905380/go.mod h1:1K8QsO41oSsjYk7yA7j9J/RNpbQMPxpV34Fvp7El4hY=
github.com/uhppoted/uhppoted-api v0.6.13-0.20210608173423-fca12dfcd076 h1:91LWWDg/So0GVvK1HVIzQA24y1OGzKmmpmY0czQ1C9Y=
github.com/uhppoted/uhppoted-api v0.6.13-0.20210608173423-fca12dfcd076/go.mod h1:SKX07DPv1NUJvB3CUkLgq5v1LWgFzDHeJuDObqyLTDU=
github.com/uhppoted/uhppoted-api v0.7.0 h1:9/YV5R1POYz4upisDJYv7reul0FIu7Cxyd5gu0dhcDU=
github.com/uhppoted/uhppoted-api v0.7.0/go.mod h1:RqewY0tqV0hJ1m/0jePMi98d5NwrlH/yjfg68m6W7qE=
github.com/uhppoted/uhppoted-api v0.7.1-0.20210617163927-bf6f84c8f223 h1:DMFP5iCK2IJ1nynO2/7TfahrR6kpycMlp6RZD8SOyQA=
github.com/uhppoted/uhppoted-api v0.7.1-0.20210617163927-bf6f84c8f223/go.mod h1:RqewY0tqV0hJ1m/0jePMi98d5NwrlH/yjfg68m6W7qE=
github.com/uhppoted/uhppoted-lib v0.0.0-20210622184436-351bb2297791 h1:iltMOxBE83i3Omnww0HQLlHfHKhQGJB+NFX0IRmKbck=
github.com/uhppoted/uhppoted-lib v0.0.0-20210622184436-351bb2297791/go.mod h1:LEu51XbW4hgkkRKFt8ZUydVBN75B12FQYjcQu4TrMiI=
github.com/uhppoted/uhppoted-lib v0.0.0-20210623162011-384ba65c43e5 h1:4OqK81wboo4z2MrW9+TwP+75ajkXVGfzW6Sdp3ZOOEo=
github.com/uhppoted/uhppoted-lib v0.0.0-20210623162011-384ba65c43e5/go.mod h1:0bT6T3w1ja+eR2I3uxwqVbP81Et5uzJZq5cTOzhbpnY=
github.com/uhppoted/uhppoted-lib v0.0.0-20210623162746-a5cdb2f229da h1:s+O92FPhO3tO0OxfloEuKHXDbxATIktErCXzm0dFHgo=
github.com/uhppoted/uhppoted-lib v0.0.0-20210623162746-a5cdb2f229da/go.mod h1:0bT6T3w1ja+eR2I3uxwqVbP81Et5uzJZq5cTOzhbpnY=
github.com/uhppoted/uhppoted-lib v0.0.0-20210623164025-64369097cee4 h1:k9/iMvYaFLfuq2P2djv/fhWIb4z9jAbcQGKcpLKGJow=
github.com/uhppoted/uhppoted-lib v0.0.0-20210623164025-64369097cee4/go.mod h1:KQdxTbdj4bNZDO+BRy4Jk6aN1ntoGy/sEOEXk6uOtlE=
github.com/uhppoted/uhppoted-lib v0.0.0-20210625185341-ca218ff10054 h1:teBW1mN05lcdi+qWaXBs8AePXW6aBUuurYWG9RxXZTQ=
github.com/uhppoted/uhppoted-lib v0.0.0-20210625185341-ca218ff10054/go.mod h1:KQdxTbdj4bNZDO+BRy4Jk6aN1ntoGy/sEOEXk6uOtlE=
github.com/uhppoted/uhppoted-lib v0.7.1 h1:tCSvTGim5JAL+wmbspLyrnO0J/0nmryZXO50ILX05Fo=
github.com/uhppoted/uhppoted-lib v0.7.1/go.mod h1:VjDc/vURtSiiJzvh/cDmusQLEnl8GVgVq5Y4p64X5gE=
github.com/uhppoted/uhppoted-lib v0.7.2-0.20210706184102-6fd85557467c h1:5oTlWc34rd9P2mw/jWMlwjt/ukJ/+7WbICCYzALT25Q=
github.com/uhppoted/uhppoted-lib v0.7.2-0.20210706184102-6fd85557467c/go.mod h1:QhsExLwLcI7v3myrwDhN3/JLYCxtEuxUp4hb20Yatu8=
github.com/uhppoted/uhppoted-lib v0.7.2-0.20210811170403-9af6f580e1ce h1:6auD1ygG0JR1EkRUf+SDgnf1lsvL+4NV+IgcRaJAFBE=
github.com/uhppoted/uhppoted-lib v0.7.2-0.20210811170403-9af6f580e1ce/go.mod h1:3osV973tStk9IVahiFWXjiVbJvBbGnAE4Mu76qkE/aA=
github.com/uhppoted/uhppoted-lib v0.7.2-0.20211224201334-8da3188434b1 h1:08BfT6dPVEKusDfTzSHaPOa8se8QHyN1KMcGAGncOVg=
github.com/uhppoted/uhppoted-lib v0.7.2-0.20211224201334-8da3188434b1/go.mod h1:mHZ6NP2i5omGoZaDIfRnKJGavvzV3+dCqaSq6bINkjY=
golang.org/x/crypto v0.0.0-20190308221718-c2843e01d9a2/go.mod h1:djNgcEr1/C05ACkg1iLfiJU5Ep61QUkGW8qpdssI0+w=
golang.org/x/crypto v0.0.0-20200622213623-75b288015ac9/go.mod h1:LzIPMQfyMNhhGPhUkYOs5KpL4U8rLKemX1yGLhDgUto=
golang.org/x/net v0.0.0-20190404232315-eb5bcb51f2a3/go.mod h1:t9HGtf8HONx5eT2rtn7q6eTqICYqUVnKs3thJo3Qplg=
golang.org/x/net v0.0.0-20200425230154-ff2c4b7c35a0/go.mod h1:qpuaurCH72eLCgpAm/N6yyVIVM9cpaDIP3A8BGJEC5A=
golang.org/x/net v0.0.0-20201110031124-69a78807bb2b/go.mod h1:sp8m0HH+o8qH0wwXwYZr8TS3Oi6o0r6Gce1SSxlDquU=
golang.org/x/net v0.0.0-20210428140749-89ef3d95e781 h1:DzZ89McO9/gWPsQXS/FVKAlG02ZjaQ6AlZRBimEYOd0=
golang.org/x/net v0.0.0-20210428140749-89ef3d95e781/go.mod h1:OJAsFXCWl8Ukc7SiCT/9KSuxbyM7479/AVlXFRxuMCk=
golang.org/x/net v0.0.0-20210525063256-abc453219eb5 h1:wjuX4b5yYQnEQHzd+CBcrcC6OVR2J1CN6mUy0oSxIPo=
golang.org/x/net v0.0.0-20210525063256-abc453219eb5/go.mod h1:9nx3DQGgdP8bBQD5qxJ1jj9UTztislL4KSBs9R2vV5Y=
golang.org/x/sys v0.0.0-20190215142949-d0b11bdaac8a/go.mod h1:STP8DvDyc/dI5b8T5hshtkjS+E42TnysNCUPdjciGhY=
golang.org/x/sys v0.0.0-20190412213103-97732733099d/go.mod h1:h1NjWce9XRLGQEsW7wpKNCjG9DtNlClVuFLEZdDNbEs=
golang.org/x/sys v0.0.0-20200323222414-85ca7c5b95cd/go.mod h1:h1NjWce9XRLGQEsW7wpKNCjG9DtNlClVuFLEZdDNbEs=
golang.org/x/sys v0.0.0-20200930185726-fdedc70b468f/go.mod h1:h1NjWce9XRLGQEsW7wpKNCjG9DtNlClVuFLEZdDNbEs=
golang.org/x/sys v0.0.0-20201119102817-f84b799fce68/go.mod h1:h1NjWce9XRLGQEsW7wpKNCjG9DtNlClVuFLEZdDNbEs=
golang.org/x/sys v0.0.0-20210423082822-04245dca01da/go.mod h1:h1NjWce9XRLGQEsW7wpKNCjG9DtNlClVuFLEZdDNbEs=
golang.org/x/sys v0.0.0-20210426230700-d19ff857e887 h1:dXfMednGJh/SUUFjTLsWJz3P+TQt9qnR11GgeI3vWKs=
golang.org/x/sys v0.0.0-20210426230700-d19ff857e887/go.mod h1:h1NjWce9XRLGQEsW7wpKNCjG9DtNlClVuFLEZdDNbEs=
golang.org/x/sys v0.0.0-20210603125802-9665404d3644 h1:CA1DEQ4NdKphKeL70tvsWNdT5oFh1lOjihRcEDROi0I=
golang.org/x/sys v0.0.0-20210603125802-9665404d3644/go.mod h1:oPkhp1MJrh7nUepCBck5+mAzfO9JrbApNNgaTdGDITg=
golang.org/x/term v0.0.0-20201126162022-7de9c90e9dd1/go.mod h1:bj7SfCRtBDWHUb9snDiAeCFNEtKQo2Wmx5Cou7ajbmo=
golang.org/x/text v0.3.0/go.mod h1:NqM8EUOU14njkJ3fqMW+pc6Ldnwhi/IjpwHt7yyuwOQ=
golang.org/x/text v0.3.3/go.mod h1:5Zoc/QRtKVWzQhOtBMvqHzDpF6irO9z98xDceosuGiQ=
golang.org/x/text v0.3.6 h1:aRYxNxv6iGQlyVaZmk6ZgYEDa+Jg18DxebPSrd6bg1M=
golang.org/x/text v0.3.6/go.mod h1:5Zoc/QRtKVWzQhOtBMvqHzDpF6irO9z98xDceosuGiQ=
golang.org/x/tools v0.0.0-20180917221912-90fa682c2a6e/go.mod h1:n7NCudcB/nEzxVGmLbDWY5pfWTLqBcC2KZ6jyYvM4mQ=
gopkg.in/check.v1 v0.0.0-20161208181325-20d25e280405/go.mod h1:Co6ibVJAznAaIkqp8huTwlJQCZ016jof/cbN4VW5Yz0=
gopkg.in/yaml.v2 v2.2.8 h1:obN1ZagJSUGI0Ek/LBmuj4SNLPfIny3KsKFopxRdj10=
gopkg.in/yaml.v2 v2.2.8/go.mod h1:hI93XBmqTisBFMUTm0b8Fm+jr3Dg1NNxqwp+5A1VGuI=
